
Microsoft Visual Studio Solution File, Format Version 12.00
# Visual Studio Version 17
VisualStudioVersion = 17.4.33403.182
MinimumVisualStudioVersion = 10.0.40219.1
Project("{FAE04EC0-301F-11D3-BF4B-00C04F79EFBC}") = "Mmy.Wechat.CloudBase", "mmy.wechat.cloudbase\Mmy.Wechat.CloudBase.csproj", "{863E4534-2E22-4E4F-943F-D990EC9ABB23}"
EndProject
Global
	GlobalSection(SolutionConfigurationPlatforms) = preSolution
		Debug|Any CPU = Debug|Any CPU
		Release|Any CPU = Release|Any CPU
	EndGlobalSection
	GlobalSection(ProjectConfigurationPlatforms) = postSolution
		{863E4534-2E22-4E4F-943F-D990EC9ABB23}.Debug|Any CPU.ActiveCfg = Debug|Any CPU
		{863E4534-2E22-4E4F-943F-D990EC9ABB23}.Debug|Any CPU.Build.0 = Debug|Any CPU
		{863E4534-2E22-4E4F-943F-D990EC9ABB23}.Release|Any CPU.ActiveCfg = Release|Any CPU
		{863E4534-2E22-4E4F-943F-D990EC9ABB23}.Release|Any CPU.Build.0 = Release|Any CPU
	EndGlobalSection
	GlobalSection(SolutionProperties) = preSolution
		HideSolutionNode = FALSE
	EndGlobalSection
	GlobalSection(ExtensibilityGlobals) = postSolution
		SolutionGuid = {CD6A4C60-AA8A-4D68-A792-6C197D12B07B}
	EndGlobalSection
EndGlobal
